
Microsoft Visual Studio Solution File, Format Version 12.00
# Visual Studio Version 16
VisualStudioVersion = 16.0.29418.71
MinimumVisualStudioVersion = 10.0.40219.1
Project("{FAE04EC0-301F-11D3-BF4B-00C04F79EFBC}") = "CoreTest", "CoreTest\CoreTest.csproj", "{228AE790-2E42-46FB-AA11-390BD79665D2}"
EndProject
Global
	GlobalSection(SolutionConfigurationPlatforms) = preSolution
		Debug|Any CPU = Debug|Any CPU
		Release|Any CPU = Release|Any CPU
	EndGlobalSection
	GlobalSection(ProjectConfigurationPlatforms) = postSolution
		{228AE790-2E42-46FB-AA11-390BD79665D2}.Debug|Any CPU.ActiveCfg = Debug|Any CPU
		{228AE790-2E42-46FB-AA11-390BD79665D2}.Debug|Any CPU.Build.0 = Debug|Any CPU
		{228AE790-2E42-46FB-AA11-390BD79665D2}.Release|Any CPU.ActiveCfg = Release|Any CPU
		{228AE790-2E42-46FB-AA11-390BD79665D2}.Release|Any CPU.Build.0 = Release|Any CPU
	EndGlobalSection
	GlobalSection(SolutionProperties) = preSolution
		HideSolutionNode = FALSE
	EndGlobalSection
	GlobalSection(ExtensibilityGlobals) = postSolution
		SolutionGuid = {F0D70424-0472-4609-B1D6-7D98C285EA3E}
	EndGlobalSection
EndGlobal
